
Microsoft Visual Studio Solution File, Format Version 12.00
# Visual Studio Version 16
VisualStudioVersion = 16.0.34407.143
MinimumVisualStudioVersion = 10.0.40219.1
Project("{FAE04EC0-301F-11D3-BF4B-00C04F79EFBC}") = "wGestionAnimales", "wGestionAnimales\wGestionAnimales.csproj", "{7EFDE352-A7AE-43CD-B955-03FBB72F6216}"
EndProject
Global
	GlobalSection(SolutionConfigurationPlatforms) = preSolution
		Debug|Any CPU = Debug|Any CPU
		Release|Any CPU = Release|Any CPU
	EndGlobalSection
	GlobalSection(ProjectConfigurationPlatforms) = postSolution
		{7EFDE352-A7AE-43CD-B955-03FBB72F6216}.Debug|Any CPU.ActiveCfg = Debug|Any CPU
		{7EFDE352-A7AE-43CD-B955-03FBB72F6216}.Debug|Any CPU.Build.0 = Debug|Any CPU
		{7EFDE352-A7AE-43CD-B955-03FBB72F6216}.Release|Any CPU.ActiveCfg = Release|Any CPU
		{7EFDE352-A7AE-43CD-B955-03FBB72F6216}.Release|Any CPU.Build.0 = Release|Any CPU
	EndGlobalSection
	GlobalSection(SolutionProperties) = preSolution
		HideSolutionNode = FALSE
	EndGlobalSection
	GlobalSection(ExtensibilityGlobals) = postSolution
		SolutionGuid = {2D927CC0-ABA1-4736-B61E-2EE58C10FE46}
	EndGlobalSection
EndGlobal
